PODS:
  - Alamofire (5.0.0-beta.6)
  - Hero (1.4.0)
  - MarqueeLabel (4.0.0)
  - NotificationBannerSwift (2.2.0):
    - MarqueeLabel (~> 4.0.0)
    - SnapKit (~> 5.0.0)
  - R.swift (5.0.3):
    - R.swift.Library (~> 5.0.0)
  - R.swift.Library (5.0.1)
  - ReachabilitySwift (4.3.1)
  - SkyFloatingLabelTextField (3.7.0)
  - SnapKit (5.0.0)
  - Sniffer (2.0.0)
  - TPKeyboardAvoiding (1.3.2)
  - TTGSnackbar (1.7.5)

DEPENDENCIES:
  - Alamofire (= 5.0.0-beta.6)
  - Hero (~> 1.4)
  - NotificationBannerSwift
  - R.swift
  - ReachabilitySwift (~> 4.3)
  - SkyFloatingLabelTextField (~> 3.7)
  - SnapKit (~> 5.0)
  - Sniffer (~> 2.0)
  - TPKeyboardAvoiding (~> 1.3)
  - TTGSnackbar (~> 1.7)

SPEC REPOS:
  https://github.com/cocoapods/specs.git:
    - Alamofire
    - Hero
    - MarqueeLabel
    - NotificationBannerSwift
    - R.swift
    - R.swift.Library
    - ReachabilitySwift
    - SkyFloatingLabelTextField
    - SnapKit
    - Sniffer
    - TPKeyboardAvoiding
    - TTGSnackbar

SPEC CHECKSUMS:
  Alamofire: cd08a4402bd12cacd0c66f23fb12fec8d6b965e4
  Hero: bac92350d7201a1a940003e0767c7b52ce7c99a1
  MarqueeLabel: b55b26e690b6ad41faedd95cbf5eae6f1d1735b4
  NotificationBannerSwift: 0ebb4b35e18c0515fdfe01b5ebd90c3eb1255e3d
  R.swift: f5a87643b91ea569d23d6afb3eee9c743edde239
  R.swift.Library: cfe85d569d9bae6cb262922db130e7c3a7a5fad1
  ReachabilitySwift: 4032e2f59586e11e3b0ebe15b167abdd587a388b
  SkyFloatingLabelTextField: 4b46db0ab1ccde0919cded29c656e6b4805eda04
  SnapKit: fd22d10eb9aff484d79a8724eab922c1ddf89bcf
  Sniffer: 8818aff78371938472e70121eff907f5b0928049
  TPKeyboardAvoiding: cb69d5ddbe90ce0170e4bc2db1e5e41d4a3ad9a4
  TTGSnackbar: 2cf4e7b6ffbe5cddf248a73f3ee952b71bee8ea3

PODFILE CHECKSUM: 1c64157dfe6295f5b930475e7cf64b6fee48055c

COCOAPODS: 1.6.1
